// !$*UTF8*$!
{
	archiveVersion = 1;
	classes = {
	};
	objectVersion = 56;
	objects = {

/* Begin PBXBuildFile section */
		E06550D32DCFF09EEBFB8CB8 /* Pods_FLAnGuage.framework in Frameworks */ = {isa = PBXBuildFile; fileRef = 235B70BBD64CBFA15076740A /* Pods_FLAnGuage.framework */; };
		FD0F38962A27854600A4AD81 /* UserDefaultStorage.swift in Sources */ = {isa = PBXBuildFile; fileRef = FD0F38952A27854600A4AD81 /* UserDefaultStorage.swift */; };
		FD0F38982A27865300A4AD81 /* F.swift in Sources */ = {isa = PBXBuildFile; fileRef = FD0F38972A27865300A4AD81 /* F.swift */; };
		FD6F2B482999BE7300CA1003 /* InputSourceMenu.swift in Sources */ = {isa = PBXBuildFile; fileRef = FD6F2B472999BE7300CA1003 /* InputSourceMenu.swift */; };
		FD9B66132A25D4F000D334F7 /* InputSource.swift in Sources */ = {isa = PBXBuildFile; fileRef = FD9B66122A25D4F000D334F7 /* InputSource.swift */; };
		FDE4BA9929946CED0068C216 /* AppDelegate.swift in Sources */ = {isa = PBXBuildFile; fileRef = FDE4BA9829946CED0068C216 /* AppDelegate.swift */; };
		FDE4BA9B29946CED0068C216 /* SettingsViewController.swift in Sources */ = {isa = PBXBuildFile; fileRef = FDE4BA9A29946CED0068C216 /* SettingsViewController.swift */; };
		FDE4BA9E29946CED0068C216 /* FLAnGuage.xcdatamodeld in Sources */ = {isa = PBXBuildFile; fileRef = FDE4BA9C29946CED0068C216 /* FLAnGuage.xcdatamodeld */; };
		FDE4BAA029946CEE0068C216 /* Assets.xcassets in Resources */ = {isa = PBXBuildFile; fileRef = FDE4BA9F29946CEE0068C216 /* Assets.xcassets */; };
		FDE4BAA329946CEE0068C216 /* Main.storyboard in Resources */ = {isa = PBXBuildFile; fileRef = FDE4BAA129946CEE0068C216 /* Main.storyboard */; };
		FDE4BAB02994DE860068C216 /* LanguageManager.swift in Sources */ = {isa = PBXBuildFile; fileRef = FDE4BAAF2994DE860068C216 /* LanguageManager.swift */; };
		FDE4BAB22994E56F0068C216 /* String+Extension.swift in Sources */ = {isa = PBXBuildFile; fileRef = FDE4BAB12994E56F0068C216 /* String+Extension.swift */; };
/* End PBXBuildFile section */

/* Begin PBXFileReference section */
		235B70BBD64CBFA15076740A /* Pods_FLAnGuage.framework */ = {isa = PBXFileReference; explicitFileType = wrapper.framework; includeInIndex = 0; path = Pods_FLAnGuage.framework; sourceTree = BUILT_PRODUCTS_DIR; };
		3FB9844459BE08CEB285CE6D /* Pods-FLAnGuage.release.xcconfig */ = {isa = PBXFileReference; includeInIndex = 1; lastKnownFileType = text.xcconfig; name = "Pods-FLAnGuage.release.xcconfig"; path = "Target Support Files/Pods-FLAnGuage/Pods-FLAnGuage.release.xcconfig"; sourceTree = "<group>"; };
		658F2E0E54FF95D08DD53928 /* Pods-FLAnGuage.debug.xcconfig */ = {isa = PBXFileReference; includeInIndex = 1; lastKnownFileType = text.xcconfig; name = "Pods-FLAnGuage.debug.xcconfig"; path = "Target Support Files/Pods-FLAnGuage/Pods-FLAnGuage.debug.xcconfig"; sourceTree = "<group>"; };
		FD0F38952A27854600A4AD81 /* UserDefaultStorage.swift */ = {isa = PBXFileReference; lastKnownFileType = sourcecode.swift; path = UserDefaultStorage.swift; sourceTree = "<group>"; };
		FD0F38972A27865300A4AD81 /* F.swift */ = {isa = PBXFileReference; lastKnownFileType = sourcecode.swift; path = F.swift; sourceTree = "<group>"; };
		FD6F2B472999BE7300CA1003 /* InputSourceMenu.swift */ = {isa = PBXFileReference; lastKnownFileType = sourcecode.swift; path = InputSourceMenu.swift; sourceTree = "<group>"; };
		FD9B66122A25D4F000D334F7 /* InputSource.swift */ = {isa = PBXFileReference; lastKnownFileType = sourcecode.swift; path = InputSource.swift; sourceTree = "<group>"; };
		FDE4BA9529946CED0068C216 /* FLAnGuage.app */ = {isa = PBXFileReference; explicitFileType = wrapper.application; includeInIndex = 0; path = FLAnGuage.app; sourceTree = BUILT_PRODUCTS_DIR; };
		FDE4BA9829946CED0068C216 /* AppDelegate.swift */ = {isa = PBXFileReference; lastKnownFileType = sourcecode.swift; path = AppDelegate.swift; sourceTree = "<group>"; };
		FDE4BA9A29946CED0068C216 /* SettingsViewController.swift */ = {isa = PBXFileReference; lastKnownFileType = sourcecode.swift; path = SettingsViewController.swift; sourceTree = "<group>"; };
		FDE4BA9D29946CED0068C216 /* FLAnGuage.xcdatamodel */ = {isa = PBXFileReference; lastKnownFileType = wrapper.xcdatamodel; path = FLAnGuage.xcdatamodel; sourceTree = "<group>"; };
		FDE4BA9F29946CEE0068C216 /* Assets.xcassets */ = {isa = PBXFileReference; lastKnownFileType = folder.assetcatalog; path = Assets.xcassets; sourceTree = "<group>"; };
		FDE4BAA229946CEE0068C216 /* Base */ = {isa = PBXFileReference; lastKnownFileType = file.storyboard; name = Base; path = Base.lproj/Main.storyboard; sourceTree = "<group>"; };
		FDE4BAA429946CEE0068C216 /* FLAnGuage.entitlements */ = {isa = PBXFileReference; lastKnownFileType = text.plist.entitlements; path = FLAnGuage.entitlements; sourceTree = "<group>"; };
		FDE4BAAF2994DE860068C216 /* LanguageManager.swift */ = {isa = PBXFileReference; lastKnownFileType = sourcecode.swift; path = LanguageManager.swift; sourceTree = "<group>"; };
		FDE4BAB12994E56F0068C216 /* String+Extension.swift */ = {isa = PBXFileReference; lastKnownFileType = sourcecode.swift; path = "String+Extension.swift"; sourceTree = "<group>"; };
/* End PBXFileReference section */

/* Begin PBXFrameworksBuildPhase section */
		FDE4BA9229946CED0068C216 /* Frameworks */ = {
			isa = PBXFrameworksBuildPhase;
			buildActionMask = 2147483647;
			files = (
				E06550D32DCFF09EEBFB8CB8 /* Pods_FLAnGuage.framework in Frameworks */,
			);
			runOnlyForDeploymentPostprocessing = 0;
		};
/* End PBXFrameworksBuildPhase section */

/* Begin PBXGroup section */
		138AF9561E66D3978A273335 /* Pods */ = {
			isa = PBXGroup;
			children = (
				658F2E0E54FF95D08DD53928 /* Pods-FLAnGuage.debug.xcconfig */,
				3FB9844459BE08CEB285CE6D /* Pods-FLAnGuage.release.xcconfig */,
			);
			path = Pods;
			sourceTree = "<group>";
		};
		2D90B5A79706F09D79703DC1 /* Frameworks */ = {
			isa = PBXGroup;
			children = (
				235B70BBD64CBFA15076740A /* Pods_FLAnGuage.framework */,
			);
			name = Frameworks;
			sourceTree = "<group>";
		};
		FD9B66142A25E03500D334F7 /* Extension */ = {
			isa = PBXGroup;
			children = (
				FDE4BAB12994E56F0068C216 /* String+Extension.swift */,
			);
			path = Extension;
			sourceTree = "<group>";
		};
		FD9B66152A25E04900D334F7 /* View */ = {
			isa = PBXGroup;
			children = (
				FD6F2B472999BE7300CA1003 /* InputSourceMenu.swift */,
				FDE4BA9A29946CED0068C216 /* SettingsViewController.swift */,
				FDE4BAA129946CEE0068C216 /* Main.storyboard */,
			);
			path = View;
			sourceTree = "<group>";
		};
		FDE4BA8C29946CED0068C216 = {
			isa = PBXGroup;
			children = (
				FDE4BA9729946CED0068C216 /* FLAnGuage */,
				FDE4BA9629946CED0068C216 /* Products */,
				138AF9561E66D3978A273335 /* Pods */,
				2D90B5A79706F09D79703DC1 /* Frameworks */,
			);
			sourceTree = "<group>";
		};
		FDE4BA9629946CED0068C216 /* Products */ = {
			isa = PBXGroup;
			children = (
				FDE4BA9529946CED0068C216 /* FLAnGuage.app */,
			);
			name = Products;
			sourceTree = "<group>";
		};
		FDE4BA9729946CED0068C216 /* FLAnGuage */ = {
			isa = PBXGroup;
			children = (
				FDE4BA9829946CED0068C216 /* AppDelegate.swift */,
				FD0F38972A27865300A4AD81 /* F.swift */,
				FDE4BAAE2994DE720068C216 /* Model */,
				FD9B66152A25E04900D334F7 /* View */,
				FD9B66142A25E03500D334F7 /* Extension */,
				FDE4BA9F29946CEE0068C216 /* Assets.xcassets */,
				FDE4BAA429946CEE0068C216 /* FLAnGuage.entitlements */,
				FDE4BA9C29946CED0068C216 /* FLAnGuage.xcdatamodeld */,
			);
			path = FLAnGuage;
			sourceTree = "<group>";
		};
		FDE4BAAE2994DE720068C216 /* Model */ = {
			isa = PBXGroup;
			children = (
				FDE4BAAF2994DE860068C216 /* LanguageManager.swift */,
				FD9B66122A25D4F000D334F7 /* InputSource.swift */,
				FD0F38952A27854600A4AD81 /* UserDefaultStorage.swift */,
			);
			path = Model;
			sourceTree = "<group>";
		};
/* End PBXGroup section */

/* Begin PBXNativeTarget section */
		FDE4BA9429946CED0068C216 /* FLAnGuage */ = {
			isa = PBXNativeTarget;
			buildConfigurationList = FDE4BAA729946CEE0068C216 /* Build configuration list for PBXNativeTarget "FLAnGuage" */;
			buildPhases = (
				084CC0585CD51DA24ECB32B1 /* [CP] Check Pods Manifest.lock */,
				FDE4BA9129946CED0068C216 /* Sources */,
				FDE4BA9229946CED0068C216 /* Frameworks */,
				FDE4BA9329946CED0068C216 /* Resources */,
				FDA7D3822A22E09200B35FE9 /* Run Script */,
			);
			buildRules = (
			);
			dependencies = (
			);
			name = FLAnGuage;
			productName = FLAnGuage;
			productReference = FDE4BA9529946CED0068C216 /* FLAnGuage.app */;
			productType = "com.apple.product-type.application";
		};
/* End PBXNativeTarget section */

/* Begin PBXProject section */
		FDE4BA8D29946CED0068C216 /* Project object */ = {
			isa = PBXProject;
			attributes = {
				BuildIndependentTargetsInParallel = 1;
				LastSwiftUpdateCheck = 1420;
				LastUpgradeCheck = 1430;
				TargetAttributes = {
					FDE4BA9429946CED0068C216 = {
						CreatedOnToolsVersion = 14.2;
					};
				};
			};
			buildConfigurationList = FDE4BA9029946CED0068C216 /* Build configuration list for PBXProject "FLAnGuage" */;
			compatibilityVersion = "Xcode 14.0";
			developmentRegion = en;
			hasScannedForEncodings = 0;
			knownRegions = (
				en,
				Base,
			);
			mainGroup = FDE4BA8C29946CED0068C216;
			productRefGroup = FDE4BA9629946CED0068C216 /* Products */;
			projectDirPath = "";
			projectRoot = "";
			targets = (
				FDE4BA9429946CED0068C216 /* FLAnGuage */,
			);
		};
/* End PBXProject section */

/* Begin PBXResourcesBuildPhase section */
		FDE4BA9329946CED0068C216 /* Resources */ = {
			isa = PBXResourcesBuildPhase;
			buildActionMask = 2147483647;
			files = (
				FDE4BAA029946CEE0068C216 /* Assets.xcassets in Resources */,
				FDE4BAA329946CEE0068C216 /* Main.storyboard in Resources */,
			);
			runOnlyForDeploymentPostprocessing = 0;
		};
/* End PBXResourcesBuildPhase section */

/* Begin PBXShellScriptBuildPhase section */
		084CC0585CD51DA24ECB32B1 /* [CP] Check Pods Manifest.lock */ = {
			isa = PBXShellScriptBuildPhase;
			buildActionMask = 2147483647;
			files = (
			);
			inputFileListPaths = (
			);
			inputPaths = (
				"${PODS_PODFILE_DIR_PATH}/Podfile.lock",
				"${PODS_ROOT}/Manifest.lock",
			);
			name = "[CP] Check Pods Manifest.lock";
			outputFileListPaths = (
			);
			outputPaths = (
				"$(DERIVED_FILE_DIR)/Pods-FLAnGuage-checkManifestLockResult.txt",
			);
			runOnlyForDeploymentPostprocessing = 0;
			shellPath = /bin/sh;
			shellScript = "diff \"${PODS_PODFILE_DIR_PATH}/Podfile.lock\" \"${PODS_ROOT}/Manifest.lock\" > /dev/null\nif [ $? != 0 ] ; then\n    # print error to STDERR\n    echo \"error: The sandbox is not in sync with the Podfile.lock. Run 'pod install' or update your CocoaPods installation.\" >&2\n    exit 1\nfi\n# This output is used by Xcode 'outputs' to avoid re-running this script phase.\necho \"SUCCESS\" > \"${SCRIPT_OUTPUT_FILE_0}\"\n";
			showEnvVarsInLog = 0;
		};
		FDA7D3822A22E09200B35FE9 /* Run Script */ = {
			isa = PBXShellScriptBuildPhase;
			alwaysOutOfDate = 1;
			buildActionMask = 2147483647;
			files = (
			);
			inputFileListPaths = (
			);
			inputPaths = (
			);
			name = "Run Script";
			outputFileListPaths = (
			);
			outputPaths = (
			);
			runOnlyForDeploymentPostprocessing = 0;
			shellPath = /bin/sh;
			shellScript = "# Type a script or drag a script file from your workspace to insert its path.\n${PODS_ROOT}/SwiftLint/swiftlint\n";
		};
/* End PBXShellScriptBuildPhase section */

/* Begin PBXSourcesBuildPhase section */
		FDE4BA9129946CED0068C216 /* Sources */ = {
			isa = PBXSourcesBuildPhase;
			buildActionMask = 2147483647;
			files = (
				FDE4BA9E29946CED0068C216 /* FLAnGuage.xcdatamodeld in Sources */,
				FDE4BA9B29946CED0068C216 /* SettingsViewController.swift in Sources */,
				FDE4BA9929946CED0068C216 /* AppDelegate.swift in Sources */,
				FD0F38982A27865300A4AD81 /* F.swift in Sources */,
				FD6F2B482999BE7300CA1003 /* InputSourceMenu.swift in Sources */,
				FD0F38962A27854600A4AD81 /* UserDefaultStorage.swift in Sources */,
				FD9B66132A25D4F000D334F7 /* InputSource.swift in Sources */,
				FDE4BAB22994E56F0068C216 /* String+Extension.swift in Sources */,
				FDE4BAB02994DE860068C216 /* LanguageManager.swift in Sources */,
			);
			runOnlyForDeploymentPostprocessing = 0;
		};
/* End PBXSourcesBuildPhase section */

/* Begin PBXVariantGroup section */
		FDE4BAA129946CEE0068C216 /* Main.storyboard */ = {
			isa = PBXVariantGroup;
			children = (
				FDE4BAA229946CEE0068C216 /* Base */,
			);
			name = Main.storyboard;
			sourceTree = "<group>";
		};
/* End PBXVariantGroup section */

/* Begin XCBuildConfiguration section */
		FDE4BAA529946CEE0068C216 /* Debug */ = {
			isa = XCBuildConfiguration;
			buildSettings = {
				ALWAYS_SEARCH_USER_PATHS = NO;
				CLANG_ANALYZER_NONNULL = YES;
				CLANG_ANALYZER_NUMBER_OBJECT_CONVERSION = YES_AGGRESSIVE;
				CLANG_CXX_LANGUAGE_STANDARD = "gnu++20";
				CLANG_ENABLE_MODULES = YES;
				CLANG_ENABLE_OBJC_ARC = YES;
				CLANG_ENABLE_OBJC_WEAK = YES;
				CLANG_WARN_BLOCK_CAPTURE_AUTORELEASING = YES;
				CLANG_WARN_BOOL_CONVERSION = YES;
				CLANG_WARN_COMMA = YES;
				CLANG_WARN_CONSTANT_CONVERSION = YES;
				CLANG_WARN_DEPRECATED_OBJC_IMPLEMENTATIONS = YES;
				CLANG_WARN_DIRECT_OBJC_ISA_USAGE = YES_ERROR;
				CLANG_WARN_DOCUMENTATION_COMMENTS = YES;
				CLANG_WARN_EMPTY_BODY = YES;
				CLANG_WARN_ENUM_CONVERSION = YES;
				CLANG_WARN_INFINITE_RECURSION = YES;
				CLANG_WARN_INT_CONVERSION = YES;
				CLANG_WARN_NON_LITERAL_NULL_CONVERSION = YES;
				CLANG_WARN_OBJC_IMPLICIT_RETAIN_SELF = YES;
				CLANG_WARN_OBJC_LITERAL_CONVERSION = YES;
				CLANG_WARN_OBJC_ROOT_CLASS = YES_ERROR;
				CLANG_WARN_QUOTED_INCLUDE_IN_FRAMEWORK_HEADER = YES;
				CLANG_WARN_RANGE_LOOP_ANALYSIS = YES;
				CLANG_WARN_STRICT_PROTOTYPES = YES;
				CLANG_WARN_SUSPICIOUS_MOVE = YES;
				CLANG_WARN_UNGUARDED_AVAILABILITY = YES_AGGRESSIVE;
				CLANG_WARN_UNREACHABLE_CODE = YES;
				CLANG_WARN__DUPLICATE_METHOD_MATCH = YES;
				COPY_PHASE_STRIP = NO;
				DEAD_CODE_STRIPPING = YES;
				DEBUG_INFORMATION_FORMAT = dwarf;
				ENABLE_STRICT_OBJC_MSGSEND = YES;
				ENABLE_TESTABILITY = YES;
				GCC_C_LANGUAGE_STANDARD = gnu11;
				GCC_DYNAMIC_NO_PIC = NO;
				GCC_NO_COMMON_BLOCKS = YES;
				GCC_OPTIMIZATION_LEVEL = 0;
				GCC_PREPROCESSOR_DEFINITIONS = (
					"DEBUG=1",
					"$(inherited)",
				);
				GCC_WARN_64_TO_32_BIT_CONVERSION = YES;
				GCC_WARN_ABOUT_RETURN_TYPE = YES_ERROR;
				GCC_WARN_UNDECLARED_SELECTOR = YES;
				GCC_WARN_UNINITIALIZED_AUTOS = YES_AGGRESSIVE;
				GCC_WARN_UNUSED_FUNCTION = YES;
				GCC_WARN_UNUSED_VARIABLE = YES;
				MACOSX_DEPLOYMENT_TARGET = 13.0;
				MTL_ENABLE_DEBUG_INFO = INCLUDE_SOURCE;
				MTL_FAST_MATH = YES;
				ONLY_ACTIVE_ARCH = YES;
				SDKROOT = macosx;
				SWIFT_ACTIVE_COMPILATION_CONDITIONS = DEBUG;
				SWIFT_OPTIMIZATION_LEVEL = "-Onone";
			};
			name = Debug;
		};
		FDE4BAA629946CEE0068C216 /* Release */ = {
			isa = XCBuildConfiguration;
			buildSettings = {
				ALWAYS_SEARCH_USER_PATHS = NO;
				CLANG_ANALYZER_NONNULL = YES;
				CLANG_ANALYZER_NUMBER_OBJECT_CONVERSION = YES_AGGRESSIVE;
				CLANG_CXX_LANGUAGE_STANDARD = "gnu++20";
				CLANG_ENABLE_MODULES = YES;
				CLANG_ENABLE_OBJC_ARC = YES;
				CLANG_ENABLE_OBJC_WEAK = YES;
				CLANG_WARN_BLOCK_CAPTURE_AUTORELEASING = YES;
				CLANG_WARN_BOOL_CONVERSION = YES;
				CLANG_WARN_COMMA = YES;
				CLANG_WARN_CONSTANT_CONVERSION = YES;
				CLANG_WARN_DEPRECATED_OBJC_IMPLEMENTATIONS = YES;
				CLANG_WARN_DIRECT_OBJC_ISA_USAGE = YES_ERROR;
				CLANG_WARN_DOCUMENTATION_COMMENTS = YES;
				CLANG_WARN_EMPTY_BODY = YES;
				CLANG_WARN_ENUM_CONVERSION = YES;
				CLANG_WARN_INFINITE_RECURSION = YES;
				CLANG_WARN_INT_CONVERSION = YES;
				CLANG_WARN_NON_LITERAL_NULL_CONVERSION = YES;
				CLANG_WARN_OBJC_IMPLICIT_RETAIN_SELF = YES;
				CLANG_WARN_OBJC_LITERAL_CONVERSION = YES;
				CLANG_WARN_OBJC_ROOT_CLASS = YES_ERROR;
				CLANG_WARN_QUOTED_INCLUDE_IN_FRAMEWORK_HEADER = YES;
				CLANG_WARN_RANGE_LOOP_ANALYSIS = YES;
				CLANG_WARN_STRICT_PROTOTYPES = YES;
				CLANG_WARN_SUSPICIOUS_MOVE = YES;
				CLANG_WARN_UNGUARDED_AVAILABILITY = YES_AGGRESSIVE;
				CLANG_WARN_UNREACHABLE_CODE = YES;
				CLANG_WARN__DUPLICATE_METHOD_MATCH = YES;
				COPY_PHASE_STRIP = NO;
				DEAD_CODE_STRIPPING = YES;
				DEBUG_INFORMATION_FORMAT = "dwarf-with-dsym";
				ENABLE_NS_ASSERTIONS = NO;
				ENABLE_STRICT_OBJC_MSGSEND = YES;
				GCC_C_LANGUAGE_STANDARD = gnu11;
				GCC_NO_COMMON_BLOCKS = YES;
				GCC_WARN_64_TO_32_BIT_CONVERSION = YES;
				GCC_WARN_ABOUT_RETURN_TYPE = YES_ERROR;
				GCC_WARN_UNDECLARED_SELECTOR = YES;
				GCC_WARN_UNINITIALIZED_AUTOS = YES_AGGRESSIVE;
				GCC_WARN_UNUSED_FUNCTION = YES;
				GCC_WARN_UNUSED_VARIABLE = YES;
				MACOSX_DEPLOYMENT_TARGET = 13.0;
				MTL_ENABLE_DEBUG_INFO = NO;
				MTL_FAST_MATH = YES;
				SDKROOT = macosx;
				SWIFT_COMPILATION_MODE = wholemodule;
				SWIFT_OPTIMIZATION_LEVEL = "-O";
			};
			name = Release;
		};
		FDE4BAA829946CEE0068C216 /* Debug */ = {
			isa = XCBuildConfiguration;
			baseConfigurationReference = 658F2E0E54FF95D08DD53928 /* Pods-FLAnGuage.debug.xcconfig */;
			buildSettings = {
				ASSETCATALOG_COMPILER_APPICON_NAME = AppIcon;
				ASSETCATALOG_COMPILER_GLOBAL_ACCENT_COLOR_NAME = AccentColor;
				CODE_SIGN_ENTITLEMENTS = FLAnGuage/FLAnGuage.entitlements;
				CODE_SIGN_STYLE = Automatic;
				COMBINE_HIDPI_IMAGES = YES;
				CURRENT_PROJECT_VERSION = 2;
				DEAD_CODE_STRIPPING = YES;
				DEVELOPMENT_TEAM = B6N47R8A8L;
				ENABLE_HARDENED_RUNTIME = YES;
				GENERATE_INFOPLIST_FILE = YES;
				INFOPLIST_KEY_LSApplicationCategoryType = "public.app-category.utilities";
				INFOPLIST_KEY_LSUIElement = YES;
				INFOPLIST_KEY_NSHumanReadableCopyright = "";
				INFOPLIST_KEY_NSMainStoryboardFile = Main;
				INFOPLIST_KEY_NSPrincipalClass = NSApplication;
				LD_RUNPATH_SEARCH_PATHS = (
					"$(inherited)",
					"@executable_path/../Frameworks",
				);
				MARKETING_VERSION = 1.0;
				PRODUCT_BUNDLE_IDENTIFIER = AndriiKryvchykov.FLAnGuage;
				PRODUCT_NAME = "$(TARGET_NAME)";
				SWIFT_EMIT_LOC_STRINGS = YES;
				SWIFT_VERSION = 5.0;
			};
			name = Debug;
		};
		FDE4BAA929946CEE0068C216 /* Release */ = {
			isa = XCBuildConfiguration;
			baseConfigurationReference = 3FB9844459BE08CEB285CE6D /* Pods-FLAnGuage.release.xcconfig */;
			buildSettings = {
				ASSETCATALOG_COMPILER_APPICON_NAME = AppIcon;
				ASSETCATALOG_COMPILER_GLOBAL_ACCENT_COLOR_NAME = AccentColor;
				CODE_SIGN_ENTITLEMENTS = FLAnGuage/FLAnGuage.entitlements;
				CODE_SIGN_STYLE = Automatic;
				COMBINE_HIDPI_IMAGES = YES;
				CURRENT_PROJECT_VERSION = 2;
				DEAD_CODE_STRIPPING = YES;
				DEVELOPMENT_TEAM = B6N47R8A8L;
				ENABLE_HARDENED_RUNTIME = YES;
				GENERATE_INFOPLIST_FILE = YES;
				INFOPLIST_KEY_LSApplicationCategoryType = "public.app-category.utilities";
				INFOPLIST_KEY_LSUIElement = YES;
				INFOPLIST_KEY_NSHumanReadableCopyright = "";
				INFOPLIST_KEY_NSMainStoryboardFile = Main;
				INFOPLIST_KEY_NSPrincipalClass = NSApplication;
				LD_RUNPATH_SEARCH_PATHS = (
					"$(inherited)",
					"@executable_path/../Frameworks",
				);
				MARKETING_VERSION = 1.0;
				PRODUCT_BUNDLE_IDENTIFIER = AndriiKryvchykov.FLAnGuage;
				PRODUCT_NAME = "$(TARGET_NAME)";
				SWIFT_EMIT_LOC_STRINGS = YES;
				SWIFT_VERSION = 5.0;
			};
			name = Release;
		};
/* End XCBuildConfiguration section */

/* Begin XCConfigurationList section */
		FDE4BA9029946CED0068C216 /* Build configuration list for PBXProject "FLAnGuage" */ = {
			isa = XCConfigurationList;
			buildConfigurations = (
				FDE4BAA529946CEE0068C216 /* Debug */,
				FDE4BAA629946CEE0068C216 /* Release */,
			);
			defaultConfigurationIsVisible = 0;
			defaultConfigurationName = Release;
		};
		FDE4BAA729946CEE0068C216 /* Build configuration list for PBXNativeTarget "FLAnGuage" */ = {
			isa = XCConfigurationList;
			buildConfigurations = (
				FDE4BAA829946CEE0068C216 /* Debug */,
				FDE4BAA929946CEE0068C216 /* Release */,
			);
			defaultConfigurationIsVisible = 0;
			defaultConfigurationName = Release;
		};
/* End XCConfigurationList section */

/* Begin XCVersionGroup section */
		FDE4BA9C29946CED0068C216 /* FLAnGuage.xcdatamodeld */ = {
			isa = XCVersionGroup;
			children = (
				FDE4BA9D29946CED0068C216 /* FLAnGuage.xcdatamodel */,
			);
			currentVersion = FDE4BA9D29946CED0068C216 /* FLAnGuage.xcdatamodel */;
			path = FLAnGuage.xcdatamodeld;
			sourceTree = "<group>";
			versionGroupType = wrapper.xcdatamodel;
		};
/* End XCVersionGroup section */
	};
	rootObject = FDE4BA8D29946CED0068C216 /* Project object */;
}
